// !$*UTF8*$!
{
	archiveVersion = 1;
	classes = {
	};
	objectVersion = 50;
	objects = {

/* Begin PBXBuildFile section */
		FA0146DB27C6B88200AE01E8 /* GKSWindowController.m in Sources */ = {isa = PBXBuildFile; fileRef = FA0146D927C6B88200AE01E8 /* GKSWindowController.m */; };
		FA0146E927C6BB2F00AE01E8 /* GKSContentViewController.m in Sources */ = {isa = PBXBuildFile; fileRef = FA0146E727C6BB2F00AE01E8 /* GKSContentViewController.m */; };
		FA0146EA27C6BB2F00AE01E8 /* GKSContentViewController.xib in Resources */ = {isa = PBXBuildFile; fileRef = FA0146E827C6BB2F00AE01E8 /* GKSContentViewController.xib */; };
		FA081B6E27CFB7700070056A /* GKSCameraRep.m in Sources */ = {isa = PBXBuildFile; fileRef = FA081B6D27CFB7700070056A /* GKSCameraRep.m */; };
		FA081B7227CFBAF40070056A /* GKSCameraController.m in Sources */ = {isa = PBXBuildFile; fileRef = FA081B6F27CFBAF40070056A /* GKSCameraController.m */; };
		FA081B7327CFBAF40070056A /* GKSCameraController.xib in Resources */ = {isa = PBXBuildFile; fileRef = FA081B7027CFBAF40070056A /* GKSCameraController.xib */; };
		FA081B7627CFC5F60070056A /* GKSCameraView.m in Sources */ = {isa = PBXBuildFile; fileRef = FA081B7527CFC5F60070056A /* GKSCameraView.m */; };
		FA081B7C27D121D10070056A /* GKSHeadView.m in Sources */ = {isa = PBXBuildFile; fileRef = FA081B7B27D121D10070056A /* GKSHeadView.m */; };
		FA1DFF3F28366A42000DF571 /* MeshEntity+CoreDataClass.m in Sources */ = {isa = PBXBuildFile; fileRef = FA1DFF3D28366A42000DF571 /* MeshEntity+CoreDataClass.m */; };
		FA1DFF4028366A42000DF571 /* MeshEntity+CoreDataProperties.m in Sources */ = {isa = PBXBuildFile; fileRef = FA1DFF3E28366A42000DF571 /* MeshEntity+CoreDataProperties.m */; };
		FA352861275875E7002B716C /* GeKoSCoreTests.m in Sources */ = {isa = PBXBuildFile; fileRef = FA352860275875E7002B716C /* GeKoSCoreTests.m */; };
		FA3C4E892794E3B000A1196D /* GKSPreferences.m in Sources */ = {isa = PBXBuildFile; fileRef = FA3C4E872794E3B000A1196D /* GKSPreferences.m */; };
		FA3C4E8A2794E3B000A1196D /* GKSPreferences.xib in Resources */ = {isa = PBXBuildFile; fileRef = FA3C4E882794E3B000A1196D /* GKSPreferences.xib */; };
		FA4D1E2228326EF30014F362 /* gks_3d_matrix.c in Sources */ = {isa = PBXBuildFile; fileRef = FA4D1E0C28326EF20014F362 /* gks_3d_matrix.c */; };
		FA4D1E2328326EF30014F362 /* gks_3d_pipeline.c in Sources */ = {isa = PBXBuildFile; fileRef = FA4D1E0E28326EF20014F362 /* gks_3d_pipeline.c */; };
		FA4D1E2428326EF30014F362 /* gks_utility.c in Sources */ = {isa = PBXBuildFile; fileRef = FA4D1E1028326EF20014F362 /* gks_utility.c */; };
		FA4D1E2528326EF30014F362 /* gks_3d_view_orient.c in Sources */ = {isa = PBXBuildFile; fileRef = FA4D1E1328326EF20014F362 /* gks_3d_view_orient.c */; };
		FA4D1E2628326EF30014F362 /* gks_3d_context.c in Sources */ = {isa = PBXBuildFile; fileRef = FA4D1E1628326EF20014F362 /* gks_3d_context.c */; };
		FA4D1E2728326EF30014F362 /* gks_3d_actor.c in Sources */ = {isa = PBXBuildFile; fileRef = FA4D1E1728326EF20014F362 /* gks_3d_actor.c */; };
		FA4D1E2828326EF30014F362 /* gks_drawing_glue.c in Sources */ = {isa = PBXBuildFile; fileRef = FA4D1E1828326EF20014F362 /* gks_drawing_glue.c */; };
		FA4D1E2928326EF30014F362 /* gks_3d_projection.c in Sources */ = {isa = PBXBuildFile; fileRef = FA4D1E1A28326EF20014F362 /* gks_3d_projection.c */; };
		FA4D1E2A28326EF30014F362 /* gks.c in Sources */ = {isa = PBXBuildFile; fileRef = FA4D1E1C28326EF30014F362 /* gks.c */; };
		FA4D1E2B28326EF30014F362 /* gks_mesh.c in Sources */ = {isa = PBXBuildFile; fileRef = FA4D1E1E28326EF30014F362 /* gks_mesh.c */; };
		FA4D1E2C28326EF30014F362 /* gks_3d_normalization.c in Sources */ = {isa = PBXBuildFile; fileRef = FA4D1E1F28326EF30014F362 /* gks_3d_normalization.c */; };
		FA53417027C82C6800015433 /* GKSDrawingView.m in Sources */ = {isa = PBXBuildFile; fileRef = FA53416F27C82C6800015433 /* GKSDrawingView.m */; };
		FA658891281CC47E008CDF60 /* Defaults.plist in Resources */ = {isa = PBXBuildFile; fileRef = FA658890281CC47E008CDF60 /* Defaults.plist */; };
		FA697E48280F3345009C1047 /* GKSSceneRep.m in Sources */ = {isa = PBXBuildFile; fileRef = FA697E47280F3345009C1047 /* GKSSceneRep.m */; };
		FA697E4B280F776E009C1047 /* GKSMeshRep.m in Sources */ = {isa = PBXBuildFile; fileRef = FA697E4A280F776E009C1047 /* GKSMeshRep.m */; };
		FA697E4E28104C45009C1047 /* GKSMeshMonger.m in Sources */ = {isa = PBXBuildFile; fileRef = FA697E4D28104C45009C1047 /* GKSMeshMonger.m */; };
		FA83739328235E010011E1D2 /* GeKoS.xcdatamodeld in Sources */ = {isa = PBXBuildFile; fileRef = FAA02D4E2756D6E800A0C454 /* GeKoS.xcdatamodeld */; };
		FA8398D128235DBF006F757A /* GeKoS.xcdatamodeld in Sources */ = {isa = PBXBuildFile; fileRef = FAA02D4E2756D6E800A0C454 /* GeKoS.xcdatamodeld */; };
		FA9EE7C127E24E1A005A4150 /* GKSSceneInspector.m in Sources */ = {isa = PBXBuildFile; fileRef = FA9EE7BF27E24E1A005A4150 /* GKSSceneInspector.m */; };
		FA9EE7C227E24E1A005A4150 /* GKSSceneInspector.xib in Resources */ = {isa = PBXBuildFile; fileRef = FA9EE7C027E24E1A005A4150 /* GKSSceneInspector.xib */; };
		FAA02D472756D6E800A0C454 /* GKSAppDelegate.m in Sources */ = {isa = PBXBuildFile; fileRef = FAA02D462756D6E800A0C454 /* GKSAppDelegate.m */; };
		FAA02D4A2756D6E800A0C454 /* GKSDocument.m in Sources */ = {isa = PBXBuildFile; fileRef = FAA02D492756D6E800A0C454 /* GKSDocument.m */; };
		FAA02D4D2756D6E800A0C454 /* GKSDocument.xib in Resources */ = {isa = PBXBuildFile; fileRef = FAA02D4B2756D6E800A0C454 /* GKSDocument.xib */; };
		FAA02D502756D6E800A0C454 /* GeKoS.xcdatamodeld in Sources */ = {isa = PBXBuildFile; fileRef = FAA02D4E2756D6E800A0C454 /* GeKoS.xcdatamodeld */; };
		FAA02D522756D6F600A0C454 /* Assets.xcassets in Resources */ = {isa = PBXBuildFile; fileRef = FAA02D512756D6F600A0C454 /* Assets.xcassets */; };
		FAA02D552756D6F600A0C454 /* MainMenu.xib in Resources */ = {isa = PBXBuildFile; fileRef = FAA02D532756D6F600A0C454 /* MainMenu.xib */; };
		FAA02D582756D6F600A0C454 /* main.m in Sources */ = {isa = PBXBuildFile; fileRef = FAA02D572756D6F600A0C454 /* main.m */; };
		FAA02D632756D6F700A0C454 /* GeKoSTests.m in Sources */ = {isa = PBXBuildFile; fileRef = FAA02D622756D6F700A0C454 /* GeKoSTests.m */; };
		FAA02D6E2756D6F700A0C454 /* GeKoSUITests.m in Sources */ = {isa = PBXBuildFile; fileRef = FAA02D6D2756D6F700A0C454 /* GeKoSUITests.m */; };
		FABD7BB127F28956004D5150 /* GKS3DActor.m in Sources */ = {isa = PBXBuildFile; fileRef = FABD7BB027F28956004D5150 /* GKS3DActor.m */; };
		FACCA90E28329523008DA846 /* ActorEntity+CoreDataClass.m in Sources */ = {isa = PBXBuildFile; fileRef = FACCA90C28329523008DA846 /* ActorEntity+CoreDataClass.m */; };
		FACCA90F28329523008DA846 /* ActorEntity+CoreDataProperties.m in Sources */ = {isa = PBXBuildFile; fileRef = FACCA90D28329523008DA846 /* ActorEntity+CoreDataProperties.m */; };
		FACF8B582800BAFA00B9BD5F /* GKSMeshParser.m in Sources */ = {isa = PBXBuildFile; fileRef = FACF8B572800BAFA00B9BD5F /* GKSMeshParser.m */; };
		FAE5E75027D59380008E793F /* GKSSceneController.m in Sources */ = {isa = PBXBuildFile; fileRef = FAE5E74F27D59380008E793F /* GKSSceneController.m */; };
		FAE5E75327D59C52008E793F /* GKSDrawingController.m in Sources */ = {isa = PBXBuildFile; fileRef = FAE5E75227D59C52008E793F /* GKSDrawingController.m */; };
		FAFA1AD327E163F8009FCA8B /* GKSContent.m in Sources */ = {isa = PBXBuildFile; fileRef = FAFA1AD227E163F8009FCA8B /* GKSContent.m */; };
/* End PBXBuildFile section */

/* Begin PBXContainerItemProxy section */
		FAA02D5F2756D6F700A0C454 /* PBXContainerItemProxy */ = {
			isa = PBXContainerItemProxy;
			containerPortal = FAA02D3A2756D6E800A0C454 /* Project object */;
			proxyType = 1;
			remoteGlobalIDString = FAA02D412756D6E800A0C454;
			remoteInfo = GeKoS;
		};
		FAA02D6A2756D6F700A0C454 /* PBXContainerItemProxy */ = {
			isa = PBXContainerItemProxy;
			containerPortal = FAA02D3A2756D6E800A0C454 /* Project object */;
			proxyType = 1;
			remoteGlobalIDString = FAA02D412756D6E800A0C454;
			remoteInfo = GeKoS;
		};
/* End PBXContainerItemProxy section */

/* Begin PBXFileReference section */
		FA0146D827C6B88200AE01E8 /* GKSWindowController.h */ = {isa = PBXFileReference; lastKnownFileType = sourcecode.c.h; path = GKSWindowController.h; sourceTree = "<group>"; };
		FA0146D927C6B88200AE01E8 /* GKSWindowController.m */ = {isa = PBXFileReference; lastKnownFileType = sourcecode.c.objc; path = GKSWindowController.m; sourceTree = "<group>"; };
		FA0146E627C6BB2F00AE01E8 /* GKSContentViewController.h */ = {isa = PBXFileReference; lastKnownFileType = sourcecode.c.h; path = GKSContentViewController.h; sourceTree = "<group>"; };
		FA0146E727C6BB2F00AE01E8 /* GKSContentViewController.m */ = {isa = PBXFileReference; lastKnownFileType = sourcecode.c.objc; path = GKSContentViewController.m; sourceTree = "<group>"; };
		FA0146E827C6BB2F00AE01E8 /* GKSContentViewController.xib */ = {isa = PBXFileReference; lastKnownFileType = file.xib; path = GKSContentViewController.xib; sourceTree = "<group>"; };
		FA081B6C27CFB7700070056A /* GKSCameraRep.h */ = {isa = PBXFileReference; fileEncoding = 4; lastKnownFileType = sourcecode.c.h; path = GKSCameraRep.h; sourceTree = "<group>"; };
		FA081B6D27CFB7700070056A /* GKSCameraRep.m */ = {isa = PBXFileReference; fileEncoding = 4; lastKnownFileType = sourcecode.c.objc; path = GKSCameraRep.m; sourceTree = "<group>"; };
		FA081B6F27CFBAF40070056A /* GKSCameraController.m */ = {isa = PBXFileReference; fileEncoding = 4; lastKnownFileType = sourcecode.c.objc; path = GKSCameraController.m; sourceTree = "<group>"; };
		FA081B7027CFBAF40070056A /* GKSCameraController.xib */ = {isa = PBXFileReference; fileEncoding = 4; lastKnownFileType = file.xib; path = GKSCameraController.xib; sourceTree = "<group>"; };
		FA081B7127CFBAF40070056A /* GKSCameraController.h */ = {isa = PBXFileReference; fileEncoding = 4; lastKnownFileType = sourcecode.c.h; path = GKSCameraController.h; sourceTree = "<group>"; };
		FA081B7427CFC5F60070056A /* GKSCameraView.h */ = {isa = PBXFileReference; fileEncoding = 4; lastKnownFileType = sourcecode.c.h; path = GKSCameraView.h; sourceTree = "<group>"; };
		FA081B7527CFC5F60070056A /* GKSCameraView.m */ = {isa = PBXFileReference; fileEncoding = 4; lastKnownFileType = sourcecode.c.objc; path = GKSCameraView.m; sourceTree = "<group>"; };
		FA081B7A27D121D10070056A /* GKSHeadView.h */ = {isa = PBXFileReference; lastKnownFileType = sourcecode.c.h; path = GKSHeadView.h; sourceTree = "<group>"; };
		FA081B7B27D121D10070056A /* GKSHeadView.m */ = {isa = PBXFileReference; lastKnownFileType = sourcecode.c.objc; path = GKSHeadView.m; sourceTree = "<group>"; };
		FA1DFF3B28366A42000DF571 /* MeshEntity+CoreDataProperties.h */ = {isa = PBXFileReference; lastKnownFileType = sourcecode.c.h; path = "MeshEntity+CoreDataProperties.h"; sourceTree = SOURCE_ROOT; };
		FA1DFF3C28366A42000DF571 /* MeshEntity+CoreDataClass.h */ = {isa = PBXFileReference; lastKnownFileType = sourcecode.c.h; path = "MeshEntity+CoreDataClass.h"; sourceTree = SOURCE_ROOT; };
		FA1DFF3D28366A42000DF571 /* MeshEntity+CoreDataClass.m */ = {isa = PBXFileReference; lastKnownFileType = sourcecode.c.objc; path = "MeshEntity+CoreDataClass.m"; sourceTree = SOURCE_ROOT; };
		FA1DFF3E28366A42000DF571 /* MeshEntity+CoreDataProperties.m */ = {isa = PBXFileReference; lastKnownFileType = sourcecode.c.objc; path = "MeshEntity+CoreDataProperties.m"; sourceTree = SOURCE_ROOT; };
		FA352860275875E7002B716C /* GeKoSCoreTests.m */ = {isa = PBXFileReference; lastKnownFileType = sourcecode.c.objc; path = GeKoSCoreTests.m; sourceTree = "<group>"; };
		FA3C4E862794E3B000A1196D /* GKSPreferences.h */ = {isa = PBXFileReference; lastKnownFileType = sourcecode.c.h; path = GKSPreferences.h; sourceTree = "<group>"; };
		FA3C4E872794E3B000A1196D /* GKSPreferences.m */ = {isa = PBXFileReference; lastKnownFileType = sourcecode.c.objc; path = GKSPreferences.m; sourceTree = "<group>"; };
		FA3C4E882794E3B000A1196D /* GKSPreferences.xib */ = {isa = PBXFileReference; lastKnownFileType = file.xib; path = GKSPreferences.xib; sourceTree = "<group>"; };
		FA4D1E0B28326EF20014F362 /* gks.h */ = {isa = PBXFileReference; fileEncoding = 4; lastKnownFileType = sourcecode.c.h; path = gks.h; sourceTree = "<group>"; };
		FA4D1E0C28326EF20014F362 /* gks_3d_matrix.c */ = {isa = PBXFileReference; fileEncoding = 4; lastKnownFileType = sourcecode.c.c; path = gks_3d_matrix.c; sourceTree = "<group>"; };
		FA4D1E0D28326EF20014F362 /* gks_3d_actor.h */ = {isa = PBXFileReference; fileEncoding = 4; lastKnownFileType = sourcecode.c.h; path = gks_3d_actor.h; sourceTree = "<group>"; };
		FA4D1E0E28326EF20014F362 /* gks_3d_pipeline.c */ = {isa = PBXFileReference; fileEncoding = 4; lastKnownFileType = sourcecode.c.c; path = gks_3d_pipeline.c; sourceTree = "<group>"; };
		FA4D1E0F28326EF20014F362 /* gks_3d_view_orient.h */ = {isa = PBXFileReference; fileEncoding = 4; lastKnownFileType = sourcecode.c.h; path = gks_3d_view_orient.h; sourceTree = "<group>"; };
		FA4D1E1028326EF20014F362 /* gks_utility.c */ = {isa = PBXFileReference; fileEncoding = 4; lastKnownFileType = sourcecode.c.c; path = gks_utility.c; sourceTree = "<group>"; };
		FA4D1E1128326EF20014F362 /* gks_3d_matrix.h */ = {isa = PBXFileReference; fileEncoding = 4; lastKnownFileType = sourcecode.c.h; path = gks_3d_matrix.h; sourceTree = "<group>"; };
		FA4D1E1228326EF20014F362 /* gks_3d_projection.h */ = {isa = PBXFileReference; fileEncoding = 4; lastKnownFileType = sourcecode.c.h; path = gks_3d_projection.h; sourceTree = "<group>"; };
		FA4D1E1328326EF20014F362 /* gks_3d_view_orient.c */ = {isa = PBXFileReference; fileEncoding = 4; lastKnownFileType = sourcecode.c.c; path = gks_3d_view_orient.c; sourceTree = "<group>"; };
		FA4D1E1428326EF20014F362 /* gks_3d_normalization.h */ = {isa = PBXFileReference; fileEncoding = 4; lastKnownFileType = sourcecode.c.h; path = gks_3d_normalization.h; sourceTree = "<group>"; };
		FA4D1E1528326EF20014F362 /* gks_3d_context.h */ = {isa = PBXFileReference; fileEncoding = 4; lastKnownFileType = sourcecode.c.h; path = gks_3d_context.h; sourceTree = "<group>"; };
		FA4D1E1628326EF20014F362 /* gks_3d_context.c */ = {isa = PBXFileReference; fileEncoding = 4; lastKnownFileType = sourcecode.c.c; path = gks_3d_context.c; sourceTree = "<group>"; };
		FA4D1E1728326EF20014F362 /* gks_3d_actor.c */ = {isa = PBXFileReference; fileEncoding = 4; lastKnownFileType = sourcecode.c.c; path = gks_3d_actor.c; sourceTree = "<group>"; };
		FA4D1E1828326EF20014F362 /* gks_drawing_glue.c */ = {isa = PBXFileReference; fileEncoding = 4; lastKnownFileType = sourcecode.c.c; path = gks_drawing_glue.c; sourceTree = "<group>"; };
		FA4D1E1928326EF20014F362 /* gks_drawing_glue.h */ = {isa = PBXFileReference; fileEncoding = 4; lastKnownFileType = sourcecode.c.h; path = gks_drawing_glue.h; sourceTree = "<group>"; };
		FA4D1E1A28326EF20014F362 /* gks_3d_projection.c */ = {isa = PBXFileReference; fileEncoding = 4; lastKnownFileType = sourcecode.c.c; path = gks_3d_projection.c; sourceTree = "<group>"; };
		FA4D1E1B28326EF20014F362 /* gks_types.h */ = {isa = PBXFileReference; fileEncoding = 4; lastKnownFileType = sourcecode.c.h; path = gks_types.h; sourceTree = "<group>"; };
		FA4D1E1C28326EF30014F362 /* gks.c */ = {isa = PBXFileReference; fileEncoding = 4; lastKnownFileType = sourcecode.c.c; path = gks.c; sourceTree = "<group>"; };
		FA4D1E1D28326EF30014F362 /* gks_mesh.h */ = {isa = PBXFileReference; fileEncoding = 4; lastKnownFileType = sourcecode.c.h; path = gks_mesh.h; sourceTree = "<group>"; };
		FA4D1E1E28326EF30014F362 /* gks_mesh.c */ = {isa = PBXFileReference; fileEncoding = 4; lastKnownFileType = sourcecode.c.c; path = gks_mesh.c; sourceTree = "<group>"; };
		FA4D1E1F28326EF30014F362 /* gks_3d_normalization.c */ = {isa = PBXFileReference; fileEncoding = 4; lastKnownFileType = sourcecode.c.c; path = gks_3d_normalization.c; sourceTree = "<group>"; };
		FA4D1E2028326EF30014F362 /* gks_utility.h */ = {isa = PBXFileReference; fileEncoding = 4; lastKnownFileType = sourcecode.c.h; path = gks_utility.h; sourceTree = "<group>"; };
		FA4D1E2128326EF30014F362 /* gks_3d_pipeline.h */ = {isa = PBXFileReference; fileEncoding = 4; lastKnownFileType = sourcecode.c.h; path = gks_3d_pipeline.h; sourceTree = "<group>"; };
		FA53416E27C82C6800015433 /* GKSDrawingView.h */ = {isa = PBXFileReference; lastKnownFileType = sourcecode.c.h; path = GKSDrawingView.h; sourceTree = "<group>"; };
		FA53416F27C82C6800015433 /* GKSDrawingView.m */ = {isa = PBXFileReference; lastKnownFileType = sourcecode.c.objc; path = GKSDrawingView.m; sourceTree = "<group>"; };
		FA658890281CC47E008CDF60 /* Defaults.plist */ = {isa = PBXFileReference; lastKnownFileType = text.plist.xml; path = Defaults.plist; sourceTree = "<group>"; };
		FA697E46280F3345009C1047 /* GKSSceneRep.h */ = {isa = PBXFileReference; lastKnownFileType = sourcecode.c.h; path = GKSSceneRep.h; sourceTree = "<group>"; };
		FA697E47280F3345009C1047 /* GKSSceneRep.m */ = {isa = PBXFileReference; lastKnownFileType = sourcecode.c.objc; path = GKSSceneRep.m; sourceTree = "<group>"; };
		FA697E49280F776E009C1047 /* GKSMeshRep.h */ = {isa = PBXFileReference; lastKnownFileType = sourcecode.c.h; path = GKSMeshRep.h; sourceTree = "<group>"; };
		FA697E4A280F776E009C1047 /* GKSMeshRep.m */ = {isa = PBXFileReference; lastKnownFileType = sourcecode.c.objc; path = GKSMeshRep.m; sourceTree = "<group>"; };
		FA697E4C28104C45009C1047 /* GKSMeshMonger.h */ = {isa = PBXFileReference; lastKnownFileType = sourcecode.c.h; path = GKSMeshMonger.h; sourceTree = "<group>"; };
		FA697E4D28104C45009C1047 /* GKSMeshMonger.m */ = {isa = PBXFileReference; lastKnownFileType = sourcecode.c.objc; path = GKSMeshMonger.m; sourceTree = "<group>"; };
		FA9842CA2781FDE400EBDC7D /* GKSConstants.h */ = {isa = PBXFileReference; lastKnownFileType = sourcecode.c.h; path = GKSConstants.h; sourceTree = "<group>"; };
		FA9EE7BE27E24E1A005A4150 /* GKSSceneInspector.h */ = {isa = PBXFileReference; lastKnownFileType = sourcecode.c.h; path = GKSSceneInspector.h; sourceTree = "<group>"; };
		FA9EE7BF27E24E1A005A4150 /* GKSSceneInspector.m */ = {isa = PBXFileReference; lastKnownFileType = sourcecode.c.objc; path = GKSSceneInspector.m; sourceTree = "<group>"; };
		FA9EE7C027E24E1A005A4150 /* GKSSceneInspector.xib */ = {isa = PBXFileReference; lastKnownFileType = file.xib; path = GKSSceneInspector.xib; sourceTree = "<group>"; };
		FAA02D422756D6E800A0C454 /* GeKoS.app */ = {isa = PBXFileReference; explicitFileType = wrapper.application; includeInIndex = 0; path = GeKoS.app; sourceTree = BUILT_PRODUCTS_DIR; };
		FAA02D452756D6E800A0C454 /* GKSAppDelegate.h */ = {isa = PBXFileReference; lastKnownFileType = sourcecode.c.h; path = GKSAppDelegate.h; sourceTree = "<group>"; };
		FAA02D462756D6E800A0C454 /* GKSAppDelegate.m */ = {isa = PBXFileReference; lastKnownFileType = sourcecode.c.objc; path = GKSAppDelegate.m; sourceTree = "<group>"; };
		FAA02D482756D6E800A0C454 /* GKSDocument.h */ = {isa = PBXFileReference; lastKnownFileType = sourcecode.c.h; path = GKSDocument.h; sourceTree = "<group>"; };
		FAA02D492756D6E800A0C454 /* GKSDocument.m */ = {isa = PBXFileReference; lastKnownFileType = sourcecode.c.objc; path = GKSDocument.m; sourceTree = "<group>"; };
		FAA02D4C2756D6E800A0C454 /* Base */ = {isa = PBXFileReference; lastKnownFileType = file.xib; name = Base; path = Base.lproj/GKSDocument.xib; sourceTree = "<group>"; };
		FAA02D4F2756D6E800A0C454 /* Document.xcdatamodel */ = {isa = PBXFileReference; lastKnownFileType = wrapper.xcdatamodel; path = Document.xcdatamodel; sourceTree = "<group>"; };
		FAA02D512756D6F600A0C454 /* Assets.xcassets */ = {isa = PBXFileReference; lastKnownFileType = folder.assetcatalog; path = Assets.xcassets; sourceTree = "<group>"; };
		FAA02D542756D6F600A0C454 /* Base */ = {isa = PBXFileReference; lastKnownFileType = file.xib; name = Base; path = Base.lproj/MainMenu.xib; sourceTree = "<group>"; };
		FAA02D562756D6F600A0C454 /* Info.plist */ = {isa = PBXFileReference; lastKnownFileType = text.plist.xml; path = Info.plist; sourceTree = "<group>"; };
		FAA02D572756D6F600A0C454 /* main.m */ = {isa = PBXFileReference; lastKnownFileType = sourcecode.c.objc; path = main.m; sourceTree = "<group>"; };
		FAA02D592756D6F600A0C454 /* GeKoS.entitlements */ = {isa = PBXFileReference; lastKnownFileType = text.plist.entitlements; path = GeKoS.entitlements; sourceTree = "<group>"; };
		FAA02D5E2756D6F700A0C454 /* GeKoSTests.xctest */ = {isa = PBXFileReference; explicitFileType = wrapper.cfbundle; includeInIndex = 0; path = GeKoSTests.xctest; sourceTree = BUILT_PRODUCTS_DIR; };
		FAA02D622756D6F700A0C454 /* GeKoSTests.m */ = {isa = PBXFileReference; lastKnownFileType = sourcecode.c.objc; path = GeKoSTests.m; sourceTree = "<group>"; };
		FAA02D642756D6F700A0C454 /* Info.plist */ = {isa = PBXFileReference; lastKnownFileType = text.plist.xml; path = Info.plist; sourceTree = "<group>"; };
		FAA02D692756D6F700A0C454 /* GeKoSUITests.xctest */ = {isa = PBXFileReference; explicitFileType = wrapper.cfbundle; includeInIndex = 0; path = GeKoSUITests.xctest; sourceTree = BUILT_PRODUCTS_DIR; };
		FAA02D6D2756D6F700A0C454 /* GeKoSUITests.m */ = {isa = PBXFileReference; lastKnownFileType = sourcecode.c.objc; path = GeKoSUITests.m; sourceTree = "<group>"; };
		FAA02D6F2756D6F700A0C454 /* Info.plist */ = {isa = PBXFileReference; lastKnownFileType = text.plist.xml; path = Info.plist; sourceTree = "<group>"; };
		FAA465C42758107A00A5A280 /* README.md */ = {isa = PBXFileReference; lastKnownFileType = net.daringfireball.markdown; path = README.md; sourceTree = "<group>"; };
		FABD7BAF27F28956004D5150 /* GKS3DActor.h */ = {isa = PBXFileReference; lastKnownFileType = sourcecode.c.h; path = GKS3DActor.h; sourceTree = "<group>"; };
		FABD7BB027F28956004D5150 /* GKS3DActor.m */ = {isa = PBXFileReference; lastKnownFileType = sourcecode.c.objc; path = GKS3DActor.m; sourceTree = "<group>"; };
		FACCA90A28329523008DA846 /* ActorEntity+CoreDataProperties.h */ = {isa = PBXFileReference; lastKnownFileType = sourcecode.c.h; path = "ActorEntity+CoreDataProperties.h"; sourceTree = "<group>"; };
		FACCA90B28329523008DA846 /* ActorEntity+CoreDataClass.h */ = {isa = PBXFileReference; lastKnownFileType = sourcecode.c.h; path = "ActorEntity+CoreDataClass.h"; sourceTree = "<group>"; };
		FACCA90C28329523008DA846 /* ActorEntity+CoreDataClass.m */ = {isa = PBXFileReference; lastKnownFileType = sourcecode.c.objc; path = "ActorEntity+CoreDataClass.m"; sourceTree = "<group>"; };
		FACCA90D28329523008DA846 /* ActorEntity+CoreDataProperties.m */ = {isa = PBXFileReference; lastKnownFileType = sourcecode.c.objc; path = "ActorEntity+CoreDataProperties.m"; sourceTree = "<group>"; };
		FACF8B562800BAFA00B9BD5F /* GKSMeshParser.h */ = {isa = PBXFileReference; lastKnownFileType = sourcecode.c.h; path = GKSMeshParser.h; sourceTree = "<group>"; };
		FACF8B572800BAFA00B9BD5F /* GKSMeshParser.m */ = {isa = PBXFileReference; lastKnownFileType = sourcecode.c.objc; path = GKSMeshParser.m; sourceTree = "<group>"; };
		FAE5E74E27D59380008E793F /* GKSSceneController.h */ = {isa = PBXFileReference; fileEncoding = 4; lastKnownFileType = sourcecode.c.h; path = GKSSceneController.h; sourceTree = "<group>"; };
		FAE5E74F27D59380008E793F /* GKSSceneController.m */ = {isa = PBXFileReference; fileEncoding = 4; lastKnownFileType = sourcecode.c.objc; path = GKSSceneController.m; sourceTree = "<group>"; };
		FAE5E75127D59C52008E793F /* GKSDrawingController.h */ = {isa = PBXFileReference; lastKnownFileType = sourcecode.c.h; path = GKSDrawingController.h; sourceTree = "<group>"; };
		FAE5E75227D59C52008E793F /* GKSDrawingController.m */ = {isa = PBXFileReference; lastKnownFileType = sourcecode.c.objc; path = GKSDrawingController.m; sourceTree = "<group>"; };
		FAFA1AD127E163F8009FCA8B /* GKSContent.h */ = {isa = PBXFileReference; lastKnownFileType = sourcecode.c.h; path = GKSContent.h; sourceTree = "<group>"; };
		FAFA1AD227E163F8009FCA8B /* GKSContent.m */ = {isa = PBXFileReference; lastKnownFileType = sourcecode.c.objc; path = GKSContent.m; sourceTree = "<group>"; };
/* End PBXFileReference section */

/* Begin PBXFrameworksBuildPhase section */
		FAA02D3F2756D6E800A0C454 /* Frameworks */ = {
			isa = PBXFrameworksBuildPhase;
			buildActionMask = 2147483647;
			files = (
			);
			runOnlyForDeploymentPostprocessing = 0;
		};
		FAA02D5B2756D6F700A0C454 /* Frameworks */ = {
			isa = PBXFrameworksBuildPhase;
			buildActionMask = 2147483647;
			files = (
			);
			runOnlyForDeploymentPostprocessing = 0;
		};
		FAA02D662756D6F700A0C454 /* Frameworks */ = {
			isa = PBXFrameworksBuildPhase;
			buildActionMask = 2147483647;
			files = (
			);
			runOnlyForDeploymentPostprocessing = 0;
		};
/* End PBXFrameworksBuildPhase section */

/* Begin PBXGroup section */
		FA4D1E0028326BD70014F362 /* Entities */ = {
			isa = PBXGroup;
			children = (
				FA1DFF3C28366A42000DF571 /* MeshEntity+CoreDataClass.h */,
				FA1DFF3D28366A42000DF571 /* MeshEntity+CoreDataClass.m */,
				FA1DFF3B28366A42000DF571 /* MeshEntity+CoreDataProperties.h */,
				FA1DFF3E28366A42000DF571 /* MeshEntity+CoreDataProperties.m */,
				FACCA90B28329523008DA846 /* ActorEntity+CoreDataClass.h */,
				FACCA90C28329523008DA846 /* ActorEntity+CoreDataClass.m */,
				FACCA90A28329523008DA846 /* ActorEntity+CoreDataProperties.h */,
				FACCA90D28329523008DA846 /* ActorEntity+CoreDataProperties.m */,
			);
			path = Entities;
			sourceTree = "<group>";
		};
		FA4D1E2D28326F0A0014F362 /* gks */ = {
			isa = PBXGroup;
			children = (
				FA4D1E0B28326EF20014F362 /* gks.h */,
				FA4D1E1C28326EF30014F362 /* gks.c */,
				FA4D1E1B28326EF20014F362 /* gks_types.h */,
				FA4D1E1D28326EF30014F362 /* gks_mesh.h */,
				FA4D1E1E28326EF30014F362 /* gks_mesh.c */,
				FA4D1E1528326EF20014F362 /* gks_3d_context.h */,
				FA4D1E1628326EF20014F362 /* gks_3d_context.c */,
				FA4D1E1128326EF20014F362 /* gks_3d_matrix.h */,
				FA4D1E0C28326EF20014F362 /* gks_3d_matrix.c */,
				FA4D1E1428326EF20014F362 /* gks_3d_normalization.h */,
				FA4D1E1F28326EF30014F362 /* gks_3d_normalization.c */,
				FA4D1E1228326EF20014F362 /* gks_3d_projection.h */,
				FA4D1E1A28326EF20014F362 /* gks_3d_projection.c */,
				FA4D1E0F28326EF20014F362 /* gks_3d_view_orient.h */,
				FA4D1E1328326EF20014F362 /* gks_3d_view_orient.c */,
				FA4D1E0D28326EF20014F362 /* gks_3d_actor.h */,
				FA4D1E1728326EF20014F362 /* gks_3d_actor.c */,
				FA4D1E2128326EF30014F362 /* gks_3d_pipeline.h */,
				FA4D1E0E28326EF20014F362 /* gks_3d_pipeline.c */,
				FA4D1E1928326EF20014F362 /* gks_drawing_glue.h */,
				FA4D1E1828326EF20014F362 /* gks_drawing_glue.c */,
				FA4D1E2028326EF30014F362 /* gks_utility.h */,
				FA4D1E1028326EF20014F362 /* gks_utility.c */,
			);
			path = gks;
			sourceTree = "<group>";
		};
		FAA02D392756D6E800A0C454 = {
			isa = PBXGroup;
			children = (
				FAA465C42758107A00A5A280 /* README.md */,
				FA4D1E2D28326F0A0014F362 /* gks */,
				FAA02D442756D6E800A0C454 /* GeKoS */,
				FAA02D612756D6F700A0C454 /* GeKoSTests */,
				FAA02D6C2756D6F700A0C454 /* GeKoSUITests */,
				FAA02D432756D6E800A0C454 /* Products */,
			);
			sourceTree = "<group>";
		};
		FAA02D432756D6E800A0C454 /* Products */ = {
			isa = PBXGroup;
			children = (
				FAA02D422756D6E800A0C454 /* GeKoS.app */,
				FAA02D5E2756D6F700A0C454 /* GeKoSTests.xctest */,
				FAA02D692756D6F700A0C454 /* GeKoSUITests.xctest */,
			);
			name = Products;
			sourceTree = "<group>";
		};
		FAA02D442756D6E800A0C454 /* GeKoS */ = {
			isa = PBXGroup;
			children = (
				FA9842CA2781FDE400EBDC7D /* GKSConstants.h */,
				FAA02D452756D6E800A0C454 /* GKSAppDelegate.h */,
				FAA02D462756D6E800A0C454 /* GKSAppDelegate.m */,
				FAFA1AD127E163F8009FCA8B /* GKSContent.h */,
				FAFA1AD227E163F8009FCA8B /* GKSContent.m */,
				FAA02D482756D6E800A0C454 /* GKSDocument.h */,
				FAA02D492756D6E800A0C454 /* GKSDocument.m */,
				FAA02D4B2756D6E800A0C454 /* GKSDocument.xib */,
				FA0146D827C6B88200AE01E8 /* GKSWindowController.h */,
				FA0146D927C6B88200AE01E8 /* GKSWindowController.m */,
				FA0146E627C6BB2F00AE01E8 /* GKSContentViewController.h */,
				FA0146E727C6BB2F00AE01E8 /* GKSContentViewController.m */,
				FA0146E827C6BB2F00AE01E8 /* GKSContentViewController.xib */,
				FAE5E75127D59C52008E793F /* GKSDrawingController.h */,
				FAE5E75227D59C52008E793F /* GKSDrawingController.m */,
				FA53416E27C82C6800015433 /* GKSDrawingView.h */,
				FA53416F27C82C6800015433 /* GKSDrawingView.m */,
				FA081B7A27D121D10070056A /* GKSHeadView.h */,
				FA081B7B27D121D10070056A /* GKSHeadView.m */,
				FA081B7127CFBAF40070056A /* GKSCameraController.h */,
				FA081B6F27CFBAF40070056A /* GKSCameraController.m */,
				FA081B7027CFBAF40070056A /* GKSCameraController.xib */,
				FA081B7427CFC5F60070056A /* GKSCameraView.h */,
				FA081B7527CFC5F60070056A /* GKSCameraView.m */,
				FA081B6C27CFB7700070056A /* GKSCameraRep.h */,
				FA081B6D27CFB7700070056A /* GKSCameraRep.m */,
				FAE5E74E27D59380008E793F /* GKSSceneController.h */,
				FAE5E74F27D59380008E793F /* GKSSceneController.m */,
				FA697E46280F3345009C1047 /* GKSSceneRep.h */,
				FA697E47280F3345009C1047 /* GKSSceneRep.m */,
				FABD7BAF27F28956004D5150 /* GKS3DActor.h */,
				FABD7BB027F28956004D5150 /* GKS3DActor.m */,
				FA697E49280F776E009C1047 /* GKSMeshRep.h */,
				FA697E4A280F776E009C1047 /* GKSMeshRep.m */,
				FA697E4C28104C45009C1047 /* GKSMeshMonger.h */,
				FA697E4D28104C45009C1047 /* GKSMeshMonger.m */,
				FACF8B562800BAFA00B9BD5F /* GKSMeshParser.h */,
				FACF8B572800BAFA00B9BD5F /* GKSMeshParser.m */,
				FA3C4E862794E3B000A1196D /* GKSPreferences.h */,
				FA3C4E872794E3B000A1196D /* GKSPreferences.m */,
				FA3C4E882794E3B000A1196D /* GKSPreferences.xib */,
				FA9EE7BE27E24E1A005A4150 /* GKSSceneInspector.h */,
				FA9EE7BF27E24E1A005A4150 /* GKSSceneInspector.m */,
				FA9EE7C027E24E1A005A4150 /* GKSSceneInspector.xib */,
				FA4D1E0028326BD70014F362 /* Entities */,
				FAA02D512756D6F600A0C454 /* Assets.xcassets */,
				FAA02D532756D6F600A0C454 /* MainMenu.xib */,
				FAA02D562756D6F600A0C454 /* Info.plist */,
				FA658890281CC47E008CDF60 /* Defaults.plist */,
				FAA02D572756D6F600A0C454 /* main.m */,
				FAA02D592756D6F600A0C454 /* GeKoS.entitlements */,
				FAA02D4E2756D6E800A0C454 /* GeKoS.xcdatamodeld */,
			);
			path = GeKoS;
			sourceTree = "<group>";
		};
		FAA02D612756D6F700A0C454 /* GeKoSTests */ = {
			isa = PBXGroup;
			children = (
				FAA02D622756D6F700A0C454 /* GeKoSTests.m */,
				FA352860275875E7002B716C /* GeKoSCoreTests.m */,
				FAA02D642756D6F700A0C454 /* Info.plist */,
			);
			path = GeKoSTests;
			sourceTree = "<group>";
		};
		FAA02D6C2756D6F700A0C454 /* GeKoSUITests */ = {
			isa = PBXGroup;
			children = (
				FAA02D6D2756D6F700A0C454 /* GeKoSUITests.m */,
				FAA02D6F2756D6F700A0C454 /* Info.plist */,
			);
			path = GeKoSUITests;
			sourceTree = "<group>";
		};
/* End PBXGroup section */

/* Begin PBXNativeTarget section */
		FAA02D412756D6E800A0C454 /* GeKoS */ = {
			isa = PBXNativeTarget;
			buildConfigurationList = FAA02D722756D6F700A0C454 /* Build configuration list for PBXNativeTarget "GeKoS" */;
			buildPhases = (
				FAA02D3E2756D6E800A0C454 /* Sources */,
				FAA02D3F2756D6E800A0C454 /* Frameworks */,
				FAA02D402756D6E800A0C454 /* Resources */,
			);
			buildRules = (
			);
			dependencies = (
			);
			name = GeKoS;
			productName = GeKoS;
			productReference = FAA02D422756D6E800A0C454 /* GeKoS.app */;
			productType = "com.apple.product-type.application";
		};
		FAA02D5D2756D6F700A0C454 /* GeKoSTests */ = {
			isa = PBXNativeTarget;
			buildConfigurationList = FAA02D752756D6F700A0C454 /* Build configuration list for PBXNativeTarget "GeKoSTests" */;
			buildPhases = (
				FAA02D5A2756D6F700A0C454 /* Sources */,
				FAA02D5B2756D6F700A0C454 /* Frameworks */,
				FAA02D5C2756D6F700A0C454 /* Resources */,
			);
			buildRules = (
			);
			dependencies = (
				FAA02D602756D6F700A0C454 /* PBXTargetDependency */,
			);
			name = GeKoSTests;
			productName = GeKoSTests;
			productReference = FAA02D5E2756D6F700A0C454 /* GeKoSTests.xctest */;
			productType = "com.apple.product-type.bundle.unit-test";
		};
		FAA02D682756D6F700A0C454 /* GeKoSUITests */ = {
			isa = PBXNativeTarget;
			buildConfigurationList = FAA02D782756D6F700A0C454 /* Build configuration list for PBXNativeTarget "GeKoSUITests" */;
			buildPhases = (
				FAA02D652756D6F700A0C454 /* Sources */,
				FAA02D662756D6F700A0C454 /* Frameworks */,
				FAA02D672756D6F700A0C454 /* Resources */,
			);
			buildRules = (
			);
			dependencies = (
				FAA02D6B2756D6F700A0C454 /* PBXTargetDependency */,
			);
			name = GeKoSUITests;
			productName = GeKoSUITests;
			productReference = FAA02D692756D6F700A0C454 /* GeKoSUITests.xctest */;
			productType = "com.apple.product-type.bundle.ui-testing";
		};
/* End PBXNativeTarget section */

/* Begin PBXProject section */
		FAA02D3A2756D6E800A0C454 /* Project object */ = {
			isa = PBXProject;
			attributes = {
				CLASSPREFIX = GKS;
				LastUpgradeCheck = 1240;
				TargetAttributes = {
					FAA02D412756D6E800A0C454 = {
						CreatedOnToolsVersion = 12.4;
					};
					FAA02D5D2756D6F700A0C454 = {
						CreatedOnToolsVersion = 12.4;
						TestTargetID = FAA02D412756D6E800A0C454;
					};
					FAA02D682756D6F700A0C454 = {
						CreatedOnToolsVersion = 12.4;
						TestTargetID = FAA02D412756D6E800A0C454;
					};
				};
			};
			buildConfigurationList = FAA02D3D2756D6E800A0C454 /* Build configuration list for PBXProject "GeKoS" */;
			compatibilityVersion = "Xcode 9.3";
			developmentRegion = en;
			hasScannedForEncodings = 0;
			knownRegions = (
				en,
				Base,
			);
			mainGroup = FAA02D392756D6E800A0C454;
			productRefGroup = FAA02D432756D6E800A0C454 /* Products */;
			projectDirPath = "";
			projectRoot = "";
			targets = (
				FAA02D412756D6E800A0C454 /* GeKoS */,
				FAA02D5D2756D6F700A0C454 /* GeKoSTests */,
				FAA02D682756D6F700A0C454 /* GeKoSUITests */,
			);
		};
/* End PBXProject section */

/* Begin PBXResourcesBuildPhase section */
		FAA02D402756D6E800A0C454 /* Resources */ = {
			isa = PBXResourcesBuildPhase;
			buildActionMask = 2147483647;
			files = (
				FA658891281CC47E008CDF60 /* Defaults.plist in Resources */,
				FAA02D522756D6F600A0C454 /* Assets.xcassets in Resources */,
				FA9EE7C227E24E1A005A4150 /* GKSSceneInspector.xib in Resources */,
				FAA02D4D2756D6E800A0C454 /* GKSDocument.xib in Resources */,
				FA081B7327CFBAF40070056A /* GKSCameraController.xib in Resources */,
				FA3C4E8A2794E3B000A1196D /* GKSPreferences.xib in Resources */,
				FAA02D552756D6F600A0C454 /* MainMenu.xib in Resources */,
				FA0146EA27C6BB2F00AE01E8 /* GKSContentViewController.xib in Resources */,
			);
			runOnlyForDeploymentPostprocessing = 0;
		};
		FAA02D5C2756D6F700A0C454 /* Resources */ = {
			isa = PBXResourcesBuildPhase;
			buildActionMask = 2147483647;
			files = (
			);
			runOnlyForDeploymentPostprocessing = 0;
		};
		FAA02D672756D6F700A0C454 /* Resources */ = {
			isa = PBXResourcesBuildPhase;
			buildActionMask = 2147483647;
			files = (
			);
			runOnlyForDeploymentPostprocessing = 0;
		};
/* End PBXResourcesBuildPhase section */

/* Begin PBXSourcesBuildPhase section */
		FAA02D3E2756D6E800A0C454 /* Sources */ = {
			isa = PBXSourcesBuildPhase;
			buildActionMask = 2147483647;
			files = (
				FA0146E927C6BB2F00AE01E8 /* GKSContentViewController.m in Sources */,
				FA4D1E2928326EF30014F362 /* gks_3d_projection.c in Sources */,
				FACF8B582800BAFA00B9BD5F /* GKSMeshParser.m in Sources */,
				FA697E4E28104C45009C1047 /* GKSMeshMonger.m in Sources */,
				FA3C4E892794E3B000A1196D /* GKSPreferences.m in Sources */,
				FAA02D502756D6E800A0C454 /* GeKoS.xcdatamodeld in Sources */,
				FA697E48280F3345009C1047 /* GKSSceneRep.m in Sources */,
				FA4D1E2428326EF30014F362 /* gks_utility.c in Sources */,
				FA1DFF3F28366A42000DF571 /* MeshEntity+CoreDataClass.m in Sources */,
				FACCA90F28329523008DA846 /* ActorEntity+CoreDataProperties.m in Sources */,
				FA4D1E2C28326EF30014F362 /* gks_3d_normalization.c in Sources */,
				FA081B7627CFC5F60070056A /* GKSCameraView.m in Sources */,
				FA4D1E2228326EF30014F362 /* gks_3d_matrix.c in Sources */,
				FA081B7227CFBAF40070056A /* GKSCameraController.m in Sources */,
				FAE5E75027D59380008E793F /* GKSSceneController.m in Sources */,
				FA081B7C27D121D10070056A /* GKSHeadView.m in Sources */,
				FA9EE7C127E24E1A005A4150 /* GKSSceneInspector.m in Sources */,
				FACCA90E28329523008DA846 /* ActorEntity+CoreDataClass.m in Sources */,
				FAA02D4A2756D6E800A0C454 /* GKSDocument.m in Sources */,
				FA4D1E2728326EF30014F362 /* gks_3d_actor.c in Sources */,
				FA0146DB27C6B88200AE01E8 /* GKSWindowController.m in Sources */,
				FA697E4B280F776E009C1047 /* GKSMeshRep.m in Sources */,
				FAE5E75327D59C52008E793F /* GKSDrawingController.m in Sources */,
				FAFA1AD327E163F8009FCA8B /* GKSContent.m in Sources */,
				FAA02D582756D6F600A0C454 /* main.m in Sources */,
				FA4D1E2828326EF30014F362 /* gks_drawing_glue.c in Sources */,
				FAA02D472756D6E800A0C454 /* GKSAppDelegate.m in Sources */,
				FA4D1E2B28326EF30014F362 /* gks_mesh.c in Sources */,
				FA081B6E27CFB7700070056A /* GKSCameraRep.m in Sources */,
				FA53417027C82C6800015433 /* GKSDrawingView.m in Sources */,
				FA4D1E2A28326EF30014F362 /* gks.c in Sources */,
				FA4D1E2628326EF30014F362 /* gks_3d_context.c in Sources */,
				FA4D1E2328326EF30014F362 /* gks_3d_pipeline.c in Sources */,
				FABD7BB127F28956004D5150 /* GKS3DActor.m in Sources */,
				FA4D1E2528326EF30014F362 /* gks_3d_view_orient.c in Sources */,
				FA1DFF4028366A42000DF571 /* MeshEntity+CoreDataProperties.m in Sources */,
			);
			runOnlyForDeploymentPostprocessing = 0;
		};
		FAA02D5A2756D6F700A0C454 /* Sources */ = {
			isa = PBXSourcesBuildPhase;
			buildActionMask = 2147483647;
			files = (
				FA83739328235E010011E1D2 /* GeKoS.xcdatamodeld in Sources */,
				FA352861275875E7002B716C /* GeKoSCoreTests.m in Sources */,
				FAA02D632756D6F700A0C454 /* GeKoSTests.m in Sources */,
			);
			runOnlyForDeploymentPostprocessing = 0;
		};
		FAA02D652756D6F700A0C454 /* Sources */ = {
			isa = PBXSourcesBuildPhase;
			buildActionMask = 2147483647;
			files = (
				FA8398D128235DBF006F757A /* GeKoS.xcdatamodeld in Sources */,
				FAA02D6E2756D6F700A0C454 /* GeKoSUITests.m in Sources */,
			);
			runOnlyForDeploymentPostprocessing = 0;
		};
/* End PBXSourcesBuildPhase section */

/* Begin PBXTargetDependency section */
		FAA02D602756D6F700A0C454 /* PBXTargetDependency */ = {
			isa = PBXTargetDependency;
			target = FAA02D412756D6E800A0C454 /* GeKoS */;
			targetProxy = FAA02D5F2756D6F700A0C454 /* PBXContainerItemProxy */;
		};
		FAA02D6B2756D6F700A0C454 /* PBXTargetDependency */ = {
			isa = PBXTargetDependency;
			target = FAA02D412756D6E800A0C454 /* GeKoS */;
			targetProxy = FAA02D6A2756D6F700A0C454 /* PBXContainerItemProxy */;
		};
/* End PBXTargetDependency section */

/* Begin PBXVariantGroup section */
		FAA02D4B2756D6E800A0C454 /* GKSDocument.xib */ = {
			isa = PBXVariantGroup;
			children = (
				FAA02D4C2756D6E800A0C454 /* Base */,
			);
			name = GKSDocument.xib;
			sourceTree = "<group>";
		};
		FAA02D532756D6F600A0C454 /* MainMenu.xib */ = {
			isa = PBXVariantGroup;
			children = (
				FAA02D542756D6F600A0C454 /* Base */,
			);
			name = MainMenu.xib;
			sourceTree = "<group>";
		};
/* End PBXVariantGroup section */

/* Begin XCBuildConfiguration section */
		FAA02D702756D6F700A0C454 /* Debug */ = {
			isa = XCBuildConfiguration;
			buildSettings = {
				ALWAYS_SEARCH_USER_PATHS = NO;
				CLANG_ANALYZER_NONNULL = YES;
				CLANG_ANALYZER_NUMBER_OBJECT_CONVERSION = YES_AGGRESSIVE;
				CLANG_CXX_LANGUAGE_STANDARD = "gnu++14";
				CLANG_CXX_LIBRARY = "libc++";
				CLANG_ENABLE_MODULES = YES;
				CLANG_ENABLE_OBJC_ARC = YES;
				CLANG_ENABLE_OBJC_WEAK = YES;
				CLANG_WARN_BLOCK_CAPTURE_AUTORELEASING = YES;
				CLANG_WARN_BOOL_CONVERSION = YES;
				CLANG_WARN_COMMA = YES;
				CLANG_WARN_CONSTANT_CONVERSION = YES;
				CLANG_WARN_DEPRECATED_OBJC_IMPLEMENTATIONS = YES;
				CLANG_WARN_DIRECT_OBJC_ISA_USAGE = YES_ERROR;
				CLANG_WARN_DOCUMENTATION_COMMENTS = YES;
				CLANG_WARN_EMPTY_BODY = YES;
				CLANG_WARN_ENUM_CONVERSION = YES;
				CLANG_WARN_INFINITE_RECURSION = YES;
				CLANG_WARN_INT_CONVERSION = YES;
				CLANG_WARN_NON_LITERAL_NULL_CONVERSION = YES;
				CLANG_WARN_OBJC_IMPLICIT_RETAIN_SELF = YES;
				CLANG_WARN_OBJC_LITERAL_CONVERSION = YES;
				CLANG_WARN_OBJC_ROOT_CLASS = YES_ERROR;
				CLANG_WARN_QUOTED_INCLUDE_IN_FRAMEWORK_HEADER = YES;
				CLANG_WARN_RANGE_LOOP_ANALYSIS = YES;
				CLANG_WARN_STRICT_PROTOTYPES = YES;
				CLANG_WARN_SUSPICIOUS_MOVE = YES;
				CLANG_WARN_UNGUARDED_AVAILABILITY = YES_AGGRESSIVE;
				CLANG_WARN_UNREACHABLE_CODE = YES;
				CLANG_WARN__DUPLICATE_METHOD_MATCH = YES;
				COPY_PHASE_STRIP = NO;
				DEBUG_INFORMATION_FORMAT = dwarf;
				ENABLE_STRICT_OBJC_MSGSEND = YES;
				ENABLE_TESTABILITY = YES;
				GCC_C_LANGUAGE_STANDARD = gnu11;
				GCC_DYNAMIC_NO_PIC = NO;
				GCC_NO_COMMON_BLOCKS = YES;
				GCC_OPTIMIZATION_LEVEL = 0;
				GCC_PREPROCESSOR_DEFINITIONS = (
					"DEBUG=1",
					"$(inherited)",
				);
				GCC_WARN_64_TO_32_BIT_CONVERSION = YES;
				GCC_WARN_ABOUT_RETURN_TYPE = YES_ERROR;
				GCC_WARN_UNDECLARED_SELECTOR = YES;
				GCC_WARN_UNINITIALIZED_AUTOS = YES_AGGRESSIVE;
				GCC_WARN_UNUSED_FUNCTION = YES;
				GCC_WARN_UNUSED_VARIABLE = YES;
				MACOSX_DEPLOYMENT_TARGET = 10.15;
				MTL_ENABLE_DEBUG_INFO = INCLUDE_SOURCE;
				MTL_FAST_MATH = YES;
				ONLY_ACTIVE_ARCH = YES;
				SDKROOT = macosx;
			};
			name = Debug;
		};
		FAA02D712756D6F700A0C454 /* Release */ = {
			isa = XCBuildConfiguration;
			buildSettings = {
				ALWAYS_SEARCH_USER_PATHS = NO;
				CLANG_ANALYZER_NONNULL = YES;
				CLANG_ANALYZER_NUMBER_OBJECT_CONVERSION = YES_AGGRESSIVE;
				CLANG_CXX_LANGUAGE_STANDARD = "gnu++14";
				CLANG_CXX_LIBRARY = "libc++";
				CLANG_ENABLE_MODULES = YES;
				CLANG_ENABLE_OBJC_ARC = YES;
				CLANG_ENABLE_OBJC_WEAK = YES;
				CLANG_WARN_BLOCK_CAPTURE_AUTORELEASING = YES;
				CLANG_WARN_BOOL_CONVERSION = YES;
				CLANG_WARN_COMMA = YES;
				CLANG_WARN_CONSTANT_CONVERSION = YES;
				CLANG_WARN_DEPRECATED_OBJC_IMPLEMENTATIONS = YES;
				CLANG_WARN_DIRECT_OBJC_ISA_USAGE = YES_ERROR;
				CLANG_WARN_DOCUMENTATION_COMMENTS = YES;
				CLANG_WARN_EMPTY_BODY = YES;
				CLANG_WARN_ENUM_CONVERSION = YES;
				CLANG_WARN_INFINITE_RECURSION = YES;
				CLANG_WARN_INT_CONVERSION = YES;
				CLANG_WARN_NON_LITERAL_NULL_CONVERSION = YES;
				CLANG_WARN_OBJC_IMPLICIT_RETAIN_SELF = YES;
				CLANG_WARN_OBJC_LITERAL_CONVERSION = YES;
				CLANG_WARN_OBJC_ROOT_CLASS = YES_ERROR;
				CLANG_WARN_QUOTED_INCLUDE_IN_FRAMEWORK_HEADER = YES;
				CLANG_WARN_RANGE_LOOP_ANALYSIS = YES;
				CLANG_WARN_STRICT_PROTOTYPES = YES;
				CLANG_WARN_SUSPICIOUS_MOVE = YES;
				CLANG_WARN_UNGUARDED_AVAILABILITY = YES_AGGRESSIVE;
				CLANG_WARN_UNREACHABLE_CODE = YES;
				CLANG_WARN__DUPLICATE_METHOD_MATCH = YES;
				COPY_PHASE_STRIP = NO;
				DEBUG_INFORMATION_FORMAT = "dwarf-with-dsym";
				ENABLE_NS_ASSERTIONS = NO;
				ENABLE_STRICT_OBJC_MSGSEND = YES;
				GCC_C_LANGUAGE_STANDARD = gnu11;
				GCC_NO_COMMON_BLOCKS = YES;
				GCC_WARN_64_TO_32_BIT_CONVERSION = YES;
				GCC_WARN_ABOUT_RETURN_TYPE = YES_ERROR;
				GCC_WARN_UNDECLARED_SELECTOR = YES;
				GCC_WARN_UNINITIALIZED_AUTOS = YES_AGGRESSIVE;
				GCC_WARN_UNUSED_FUNCTION = YES;
				GCC_WARN_UNUSED_VARIABLE = YES;
				MACOSX_DEPLOYMENT_TARGET = 10.15;
				MTL_ENABLE_DEBUG_INFO = NO;
				MTL_FAST_MATH = YES;
				SDKROOT = macosx;
			};
			name = Release;
		};
		FAA02D732756D6F700A0C454 /* Debug */ = {
			isa = XCBuildConfiguration;
			buildSettings = {
				ASSETCATALOG_COMPILER_APPICON_NAME = AppIcon;
				ASSETCATALOG_COMPILER_GLOBAL_ACCENT_COLOR_NAME = AccentColor;
				CODE_SIGN_ENTITLEMENTS = GeKoS/GeKoS.entitlements;
				CODE_SIGN_STYLE = Automatic;
				COMBINE_HIDPI_IMAGES = YES;
				DEVELOPMENT_TEAM = K9SL5C6R5S;
				ENABLE_HARDENED_RUNTIME = YES;
				INFOPLIST_FILE = GeKoS/Info.plist;
				LD_RUNPATH_SEARCH_PATHS = (
					"$(inherited)",
					"@executable_path/../Frameworks",
				);
				MACOSX_DEPLOYMENT_TARGET = 10.13;
				PRODUCT_BUNDLE_IDENTIFIER = com.xephyr.GeKoS;
				PRODUCT_NAME = "$(TARGET_NAME)";
			};
			name = Debug;
		};
		FAA02D742756D6F700A0C454 /* Release */ = {
			isa = XCBuildConfiguration;
			buildSettings = {
				ASSETCATALOG_COMPILER_APPICON_NAME = AppIcon;
				ASSETCATALOG_COMPILER_GLOBAL_ACCENT_COLOR_NAME = AccentColor;
				CODE_SIGN_ENTITLEMENTS = GeKoS/GeKoS.entitlements;
				CODE_SIGN_STYLE = Automatic;
				COMBINE_HIDPI_IMAGES = YES;
				DEVELOPMENT_TEAM = K9SL5C6R5S;
				ENABLE_HARDENED_RUNTIME = YES;
				INFOPLIST_FILE = GeKoS/Info.plist;
				LD_RUNPATH_SEARCH_PATHS = (
					"$(inherited)",
					"@executable_path/../Frameworks",
				);
				MACOSX_DEPLOYMENT_TARGET = 10.13;
				PRODUCT_BUNDLE_IDENTIFIER = com.xephyr.GeKoS;
				PRODUCT_NAME = "$(TARGET_NAME)";
			};
			name = Release;
		};
		FAA02D762756D6F700A0C454 /* Debug */ = {
			isa = XCBuildConfiguration;
			buildSettings = {
				BUNDLE_LOADER = "$(TEST_HOST)";
				CODE_SIGN_STYLE = Automatic;
				COMBINE_HIDPI_IMAGES = YES;
				DEVELOPMENT_TEAM = K9SL5C6R5S;
				INFOPLIST_FILE = GeKoSTests/Info.plist;
				LD_RUNPATH_SEARCH_PATHS = (
					"$(inherited)",
					"@executable_path/../Frameworks",
					"@loader_path/../Frameworks",
				);
				MACOSX_DEPLOYMENT_TARGET = 10.15;
				PRODUCT_BUNDLE_IDENTIFIER = com.xephyr.GeKoSTests;
				PRODUCT_NAME = "$(TARGET_NAME)";
				TEST_HOST = "$(BUILT_PRODUCTS_DIR)/GeKoS.app/Contents/MacOS/GeKoS";
			};
			name = Debug;
		};
		FAA02D772756D6F700A0C454 /* Release */ = {
			isa = XCBuildConfiguration;
			buildSettings = {
				BUNDLE_LOADER = "$(TEST_HOST)";
				CODE_SIGN_STYLE = Automatic;
				COMBINE_HIDPI_IMAGES = YES;
				DEVELOPMENT_TEAM = K9SL5C6R5S;
				INFOPLIST_FILE = GeKoSTests/Info.plist;
				LD_RUNPATH_SEARCH_PATHS = (
					"$(inherited)",
					"@executable_path/../Frameworks",
					"@loader_path/../Frameworks",
				);
				MACOSX_DEPLOYMENT_TARGET = 10.15;
				PRODUCT_BUNDLE_IDENTIFIER = com.xephyr.GeKoSTests;
				PRODUCT_NAME = "$(TARGET_NAME)";
				TEST_HOST = "$(BUILT_PRODUCTS_DIR)/GeKoS.app/Contents/MacOS/GeKoS";
			};
			name = Release;
		};
		FAA02D792756D6F700A0C454 /* Debug */ = {
			isa = XCBuildConfiguration;
			buildSettings = {
				CODE_SIGN_STYLE = Automatic;
				COMBINE_HIDPI_IMAGES = YES;
				DEVELOPMENT_TEAM = K9SL5C6R5S;
				INFOPLIST_FILE = GeKoSUITests/Info.plist;
				LD_RUNPATH_SEARCH_PATHS = (
					"$(inherited)",
					"@executable_path/../Frameworks",
					"@loader_path/../Frameworks",
				);
				PRODUCT_BUNDLE_IDENTIFIER = com.xephyr.GeKoSUITests;
				PRODUCT_NAME = "$(TARGET_NAME)";
				TEST_TARGET_NAME = GeKoS;
			};
			name = Debug;
		};
		FAA02D7A2756D6F700A0C454 /* Release */ = {
			isa = XCBuildConfiguration;
			buildSettings = {
				CODE_SIGN_STYLE = Automatic;
				COMBINE_HIDPI_IMAGES = YES;
				DEVELOPMENT_TEAM = K9SL5C6R5S;
				INFOPLIST_FILE = GeKoSUITests/Info.plist;
				LD_RUNPATH_SEARCH_PATHS = (
					"$(inherited)",
					"@executable_path/../Frameworks",
					"@loader_path/../Frameworks",
				);
				PRODUCT_BUNDLE_IDENTIFIER = com.xephyr.GeKoSUITests;
				PRODUCT_NAME = "$(TARGET_NAME)";
				TEST_TARGET_NAME = GeKoS;
			};
			name = Release;
		};
/* End XCBuildConfiguration section */

/* Begin XCConfigurationList section */
		FAA02D3D2756D6E800A0C454 /* Build configuration list for PBXProject "GeKoS" */ = {
			isa = XCConfigurationList;
			buildConfigurations = (
				FAA02D702756D6F700A0C454 /* Debug */,
				FAA02D712756D6F700A0C454 /* Release */,
			);
			defaultConfigurationIsVisible = 0;
			defaultConfigurationName = Release;
		};
		FAA02D722756D6F700A0C454 /* Build configuration list for PBXNativeTarget "GeKoS" */ = {
			isa = XCConfigurationList;
			buildConfigurations = (
				FAA02D732756D6F700A0C454 /* Debug */,
				FAA02D742756D6F700A0C454 /* Release */,
			);
			defaultConfigurationIsVisible = 0;
			defaultConfigurationName = Release;
		};
		FAA02D752756D6F700A0C454 /* Build configuration list for PBXNativeTarget "GeKoSTests" */ = {
			isa = XCConfigurationList;
			buildConfigurations = (
				FAA02D762756D6F700A0C454 /* Debug */,
				FAA02D772756D6F700A0C454 /* Release */,
			);
			defaultConfigurationIsVisible = 0;
			defaultConfigurationName = Release;
		};
		FAA02D782756D6F700A0C454 /* Build configuration list for PBXNativeTarget "GeKoSUITests" */ = {
			isa = XCConfigurationList;
			buildConfigurations = (
				FAA02D792756D6F700A0C454 /* Debug */,
				FAA02D7A2756D6F700A0C454 /* Release */,
			);
			defaultConfigurationIsVisible = 0;
			defaultConfigurationName = Release;
		};
/* End XCConfigurationList section */

/* Begin XCVersionGroup section */
		FAA02D4E2756D6E800A0C454 /* GeKoS.xcdatamodeld */ = {
			isa = XCVersionGroup;
			children = (
				FAA02D4F2756D6E800A0C454 /* Document.xcdatamodel */,
			);
			currentVersion = FAA02D4F2756D6E800A0C454 /* Document.xcdatamodel */;
			path = GeKoS.xcdatamodeld;
			sourceTree = "<group>";
			versionGroupType = wrapper.xcdatamodel;
		};
/* End XCVersionGroup section */
	};
	rootObject = FAA02D3A2756D6E800A0C454 /* Project object */;
}
